{
    "_readme": [
        "This file locks the dependencies of your project to a known state",
        "Read more about it at https://getcomposer.org/doc/01-basic-usage.md#installing-dependencies",
        "This file is @generated automatically"
    ],
    "content-hash": "428aa67091e15849d14893b78daaf9f2",
    "packages": [
        {
            "name": "dyegogssouza/pami",
            "version": "v1.0.0",
            "source": {
                "type": "git",
                "url": "https://github.com/dyegogssouza/PAMI.git",
                "reference": "0b84ce80830f38a2b74a69033b77ad9caef4d03d"
            },
            "dist": {
                "type": "zip",
                "url": "https://api.github.com/repos/dyegogssouza/PAMI/zipball/0b84ce80830f38a2b74a69033b77ad9caef4d03d",
                "reference": "0b84ce80830f38a2b74a69033b77ad9caef4d03d",
                "shasum": ""
            },
            "require": {
                "php": ">=5.3.3",
                "psr/log": ">= 1.0.0"
            },
            "require-dev": {
                "codeclimate/php-test-reporter": "dev-master",
                "evert/phpdoc-md": "~0.1.1",
                "marcelog/pagi": "2.*",
                "monolog/monolog": "1.*",
                "phing/phing": "2.*",
                "phpdocumentor/phpdocumentor": "2.*",
                "phpmd/phpmd": "2.*",
                "phpunit/phpunit": "4.*",
                "satooshi/php-coveralls": "1.0.1",
                "sebastian/phpcpd": "*",
                "squizlabs/php_codesniffer": "2.*"
            },
            "type": "library",
            "autoload": {
                "psr-4": {
                    "PAMI\\": "src/PAMI"
                }
            },
            "notification-url": "https://packagist.org/downloads/",
            "license": [
                "Apache-2.0"
            ],
            "authors": [
                {
                    "name": "Dyego Souza",
                    "email": "dddyego@gmail.com",
                    "homepage": "https://github.com/dyegogssouza",
                    "role": "Developer"
                }
            ],
            "description": "Asterisk Manager Interface (AMI) client for PHP, event driven, object oriented",
            "homepage": "https://github.com/dyegogssouza/PAMI",
            "keywords": [
                "action",
                "ami",
                "asterisk",
                "client",
                "event",
                "manager",
                "monitor",
                "telephony",
                "voip"
            ],
            "support": {
                "source": "https://github.com/dyegogssouza/PAMI/tree/v1.0.0"
            },
            "time": "2023-01-25T15:31:44+00:00"
        },
        {
            "name": "psr/log",
            "version": "3.0.0",
            "source": {
                "type": "git",
                "url": "https://github.com/php-fig/log.git",
                "reference": "fe5ea303b0887d5caefd3d431c3e61ad47037001"
            },
            "dist": {
                "type": "zip",
                "url": "https://api.github.com/repos/php-fig/log/zipball/fe5ea303b0887d5caefd3d431c3e61ad47037001",
                "reference": "fe5ea303b0887d5caefd3d431c3e61ad47037001",
                "shasum": ""
            },
            "require": {
                "php": ">=8.0.0"
            },
            "type": "library",
            "extra": {
                "branch-alias": {
                    "dev-master": "3.x-dev"
                }
            },
            "autoload": {
                "psr-4": {
                    "Psr\\Log\\": "src"
                }
            },
            "notification-url": "https://packagist.org/downloads/",
            "license": [
                "MIT"
            ],
            "authors": [
                {
                    "name": "PHP-FIG",
                    "homepage": "https://www.php-fig.org/"
                }
            ],
            "description": "Common interface for logging libraries",
            "homepage": "https://github.com/php-fig/log",
            "keywords": [
                "log",
                "psr",
                "psr-3"
            ],
            "support": {
                "source": "https://github.com/php-fig/log/tree/3.0.0"
            },
            "time": "2021-07-14T16:46:02+00:00"
        }
    ],
    "packages-dev": [],
    "aliases": [],
    "minimum-stability": "stable",
    "stability-flags": [],
    "prefer-stable": false,
    "prefer-lowest": false,
    "platform": [],
    "platform-dev": [],
    "plugin-api-version": "2.3.0"
}
